// !$*UTF8*$!
{
	archiveVersion = 1;
	classes = {
	};
	objectVersion = 56;
	objects = {

/* Begin PBXBuildFile section */
		17C01D6E297EF1830019EF26 /* AppDelegate.swift in Sources */ = {isa = PBXBuildFile; fileRef = 17C01D6D297EF1830019EF26 /* AppDelegate.swift */; };
		17C01D70297EF1830019EF26 /* ContentView.swift in Sources */ = {isa = PBXBuildFile; fileRef = 17C01D6F297EF1830019EF26 /* ContentView.swift */; };
		17C01D72297EF1830019EF26 /* Experience.rcproject in Sources */ = {isa = PBXBuildFile; fileRef = 17C01D71297EF1830019EF26 /* Experience.rcproject */; };
		17C01D74297EF1830019EF26 /* Assets.xcassets in Resources */ = {isa = PBXBuildFile; fileRef = 17C01D73297EF1830019EF26 /* Assets.xcassets */; };
		17C01D77297EF1830019EF26 /* Preview Assets.xcassets in Resources */ = {isa = PBXBuildFile; fileRef = 17C01D76297EF1830019EF26 /* Preview Assets.xcassets */; };
		17C01D81297EF1840019EF26 /* AR_PlaygroundTests.swift in Sources */ = {isa = PBXBuildFile; fileRef = 17C01D80297EF1840019EF26 /* AR_PlaygroundTests.swift */; };
		17C01D8B297EF1840019EF26 /* AR_PlaygroundUITests.swift in Sources */ = {isa = PBXBuildFile; fileRef = 17C01D8A297EF1840019EF26 /* AR_PlaygroundUITests.swift */; };
		17C01D8D297EF1840019EF26 /* AR_PlaygroundUITestsLaunchTests.swift in Sources */ = {isa = PBXBuildFile; fileRef = 17C01D8C297EF1840019EF26 /* AR_PlaygroundUITestsLaunchTests.swift */; };
/* End PBXBuildFile section */

/* Begin PBXContainerItemProxy section */
		17C01D7D297EF1840019EF26 /* PBXContainerItemProxy */ = {
			isa = PBXContainerItemProxy;
			containerPortal = 17C01D62297EF1830019EF26 /* Project object */;
			proxyType = 1;
			remoteGlobalIDString = 17C01D69297EF1830019EF26;
			remoteInfo = AR_Playground;
		};
		17C01D87297EF1840019EF26 /* PBXContainerItemProxy */ = {
			isa = PBXContainerItemProxy;
			containerPortal = 17C01D62297EF1830019EF26 /* Project object */;
			proxyType = 1;
			remoteGlobalIDString = 17C01D69297EF1830019EF26;
			remoteInfo = AR_Playground;
		};
/* End PBXContainerItemProxy section */

/* Begin PBXFileReference section */
		17C01D6A297EF1830019EF26 /* AR_Playground.app */ = {isa = PBXFileReference; explicitFileType = wrapper.application; includeInIndex = 0; path = AR_Playground.app; sourceTree = BUILT_PRODUCTS_DIR; };
		17C01D6D297EF1830019EF26 /* AppDelegate.swift */ = {isa = PBXFileReference; lastKnownFileType = sourcecode.swift; path = AppDelegate.swift; sourceTree = "<group>"; };
		17C01D6F297EF1830019EF26 /* ContentView.swift */ = {isa = PBXFileReference; lastKnownFileType = sourcecode.swift; path = ContentView.swift; sourceTree = "<group>"; };
		17C01D71297EF1830019EF26 /* Experience.rcproject */ = {isa = PBXFileReference; lastKnownFileType = file.rcproject; path = Experience.rcproject; sourceTree = "<group>"; };
		17C01D73297EF1830019EF26 /* Assets.xcassets */ = {isa = PBXFileReference; lastKnownFileType = folder.assetcatalog; path = Assets.xcassets; sourceTree = "<group>"; };
		17C01D76297EF1830019EF26 /* Preview Assets.xcassets */ = {isa = PBXFileReference; lastKnownFileType = folder.assetcatalog; path = "Preview Assets.xcassets"; sourceTree = "<group>"; };
		17C01D7C297EF1840019EF26 /* AR_PlaygroundTests.xctest */ = {isa = PBXFileReference; explicitFileType = wrapper.cfbundle; includeInIndex = 0; path = AR_PlaygroundTests.xctest; sourceTree = BUILT_PRODUCTS_DIR; };
		17C01D80297EF1840019EF26 /* AR_PlaygroundTests.swift */ = {isa = PBXFileReference; lastKnownFileType = sourcecode.swift; path = AR_PlaygroundTests.swift; sourceTree = "<group>"; };
		17C01D86297EF1840019EF26 /* AR_PlaygroundUITests.xctest */ = {isa = PBXFileReference; explicitFileType = wrapper.cfbundle; includeInIndex = 0; path = AR_PlaygroundUITests.xctest; sourceTree = BUILT_PRODUCTS_DIR; };
		17C01D8A297EF1840019EF26 /* AR_PlaygroundUITests.swift */ = {isa = PBXFileReference; lastKnownFileType = sourcecode.swift; path = AR_PlaygroundUITests.swift; sourceTree = "<group>"; };
		17C01D8C297EF1840019EF26 /* AR_PlaygroundUITestsLaunchTests.swift */ = {isa = PBXFileReference; lastKnownFileType = sourcecode.swift; path = AR_PlaygroundUITestsLaunchTests.swift; sourceTree = "<group>"; };
/* End PBXFileReference section */

/* Begin PBXFrameworksBuildPhase section */
		17C01D67297EF1830019EF26 /* Frameworks */ = {
			isa = PBXFrameworksBuildPhase;
			buildActionMask = 2147483647;
			files = (
			);
			runOnlyForDeploymentPostprocessing = 0;
		};
		17C01D79297EF1840019EF26 /* Frameworks */ = {
			isa = PBXFrameworksBuildPhase;
			buildActionMask = 2147483647;
			files = (
			);
			runOnlyForDeploymentPostprocessing = 0;
		};
		17C01D83297EF1840019EF26 /* Frameworks */ = {
			isa = PBXFrameworksBuildPhase;
			buildActionMask = 2147483647;
			files = (
			);
			runOnlyForDeploymentPostprocessing = 0;
		};
/* End PBXFrameworksBuildPhase section */

/* Begin PBXGroup section */
		17C01D61297EF1830019EF26 = {
			isa = PBXGroup;
			children = (
				17C01D6C297EF1830019EF26 /* AR_Playground */,
				17C01D7F297EF1840019EF26 /* AR_PlaygroundTests */,
				17C01D89297EF1840019EF26 /* AR_PlaygroundUITests */,
				17C01D6B297EF1830019EF26 /* Products */,
			);
			sourceTree = "<group>";
		};
		17C01D6B297EF1830019EF26 /* Products */ = {
			isa = PBXGroup;
			children = (
				17C01D6A297EF1830019EF26 /* AR_Playground.app */,
				17C01D7C297EF1840019EF26 /* AR_PlaygroundTests.xctest */,
				17C01D86297EF1840019EF26 /* AR_PlaygroundUITests.xctest */,
			);
			name = Products;
			sourceTree = "<group>";
		};
		17C01D6C297EF1830019EF26 /* AR_Playground */ = {
			isa = PBXGroup;
			children = (
				17C01D6D297EF1830019EF26 /* AppDelegate.swift */,
				17C01D6F297EF1830019EF26 /* ContentView.swift */,
				17C01D71297EF1830019EF26 /* Experience.rcproject */,
				17C01D73297EF1830019EF26 /* Assets.xcassets */,
				17C01D75297EF1830019EF26 /* Preview Content */,
			);
			path = AR_Playground;
			sourceTree = "<group>";
		};
		17C01D75297EF1830019EF26 /* Preview Content */ = {
			isa = PBXGroup;
			children = (
				17C01D76297EF1830019EF26 /* Preview Assets.xcassets */,
			);
			path = "Preview Content";
			sourceTree = "<group>";
		};
		17C01D7F297EF1840019EF26 /* AR_PlaygroundTests */ = {
			isa = PBXGroup;
			children = (
				17C01D80297EF1840019EF26 /* AR_PlaygroundTests.swift */,
			);
			path = AR_PlaygroundTests;
			sourceTree = "<group>";
		};
		17C01D89297EF1840019EF26 /* AR_PlaygroundUITests */ = {
			isa = PBXGroup;
			children = (
				17C01D8A297EF1840019EF26 /* AR_PlaygroundUITests.swift */,
				17C01D8C297EF1840019EF26 /* AR_PlaygroundUITestsLaunchTests.swift */,
			);
			path = AR_PlaygroundUITests;
			sourceTree = "<group>";
		};
/* End PBXGroup section */

/* Begin PBXNativeTarget section */
		17C01D69297EF1830019EF26 /* AR_Playground */ = {
			isa = PBXNativeTarget;
			buildConfigurationList = 17C01D90297EF1840019EF26 /* Build configuration list for PBXNativeTarget "AR_Playground" */;
			buildPhases = (
				17C01D66297EF1830019EF26 /* Sources */,
				17C01D67297EF1830019EF26 /* Frameworks */,
				17C01D68297EF1830019EF26 /* Resources */,
			);
			buildRules = (
			);
			dependencies = (
			);
			name = AR_Playground;
			productName = AR_Playground;
			productReference = 17C01D6A297EF1830019EF26 /* AR_Playground.app */;
			productType = "com.apple.product-type.application";
		};
		17C01D7B297EF1840019EF26 /* AR_PlaygroundTests */ = {
			isa = PBXNativeTarget;
			buildConfigurationList = 17C01D93297EF1840019EF26 /* Build configuration list for PBXNativeTarget "AR_PlaygroundTests" */;
			buildPhases = (
				17C01D78297EF1840019EF26 /* Sources */,
				17C01D79297EF1840019EF26 /* Frameworks */,
				17C01D7A297EF1840019EF26 /* Resources */,
			);
			buildRules = (
			);
			dependencies = (
				17C01D7E297EF1840019EF26 /* PBXTargetDependency */,
			);
			name = AR_PlaygroundTests;
			productName = AR_PlaygroundTests;
			productReference = 17C01D7C297EF1840019EF26 /* AR_PlaygroundTests.xctest */;
			productType = "com.apple.product-type.bundle.unit-test";
		};
		17C01D85297EF1840019EF26 /* AR_PlaygroundUITests */ = {
			isa = PBXNativeTarget;
			buildConfigurationList = 17C01D96297EF1840019EF26 /* Build configuration list for PBXNativeTarget "AR_PlaygroundUITests" */;
			buildPhases = (
				17C01D82297EF1840019EF26 /* Sources */,
				17C01D83297EF1840019EF26 /* Frameworks */,
				17C01D84297EF1840019EF26 /* Resources */,
			);
			buildRules = (
			);
			dependencies = (
				17C01D88297EF1840019EF26 /* PBXTargetDependency */,
			);
			name = AR_PlaygroundUITests;
			productName = AR_PlaygroundUITests;
			productReference = 17C01D86297EF1840019EF26 /* AR_PlaygroundUITests.xctest */;
			productType = "com.apple.product-type.bundle.ui-testing";
		};
/* End PBXNativeTarget section */

/* Begin PBXProject section */
		17C01D62297EF1830019EF26 /* Project object */ = {
			isa = PBXProject;
			attributes = {
				BuildIndependentTargetsInParallel = 1;
				LastSwiftUpdateCheck = 1420;
				LastUpgradeCheck = 1420;
				TargetAttributes = {
					17C01D69297EF1830019EF26 = {
						CreatedOnToolsVersion = 14.2;
					};
					17C01D7B297EF1840019EF26 = {
						CreatedOnToolsVersion = 14.2;
						TestTargetID = 17C01D69297EF1830019EF26;
					};
					17C01D85297EF1840019EF26 = {
						CreatedOnToolsVersion = 14.2;
						TestTargetID = 17C01D69297EF1830019EF26;
					};
				};
			};
			buildConfigurationList = 17C01D65297EF1830019EF26 /* Build configuration list for PBXProject "AR_Playground" */;
			compatibilityVersion = "Xcode 14.0";
			developmentRegion = en;
			hasScannedForEncodings = 0;
			knownRegions = (
				en,
				Base,
			);
			mainGroup = 17C01D61297EF1830019EF26;
			productRefGroup = 17C01D6B297EF1830019EF26 /* Products */;
			projectDirPath = "";
			projectRoot = "";
			targets = (
				17C01D69297EF1830019EF26 /* AR_Playground */,
				17C01D7B297EF1840019EF26 /* AR_PlaygroundTests */,
				17C01D85297EF1840019EF26 /* AR_PlaygroundUITests */,
			);
		};
/* End PBXProject section */

/* Begin PBXResourcesBuildPhase section */
		17C01D68297EF1830019EF26 /* Resources */ = {
			isa = PBXResourcesBuildPhase;
			buildActionMask = 2147483647;
			files = (
				17C01D77297EF1830019EF26 /* Preview Assets.xcassets in Resources */,
				17C01D74297EF1830019EF26 /* Assets.xcassets in Resources */,
			);
			runOnlyForDeploymentPostprocessing = 0;
		};
		17C01D7A297EF1840019EF26 /* Resources */ = {
			isa = PBXResourcesBuildPhase;
			buildActionMask = 2147483647;
			files = (
			);
			runOnlyForDeploymentPostprocessing = 0;
		};
		17C01D84297EF1840019EF26 /* Resources */ = {
			isa = PBXResourcesBuildPhase;
			buildActionMask = 2147483647;
			files = (
			);
			runOnlyForDeploymentPostprocessing = 0;
		};
/* End PBXResourcesBuildPhase section */

/* Begin PBXSourcesBuildPhase section */
		17C01D66297EF1830019EF26 /* Sources */ = {
			isa = PBXSourcesBuildPhase;
			buildActionMask = 2147483647;
			files = (
				17C01D70297EF1830019EF26 /* ContentView.swift in Sources */,
				17C01D6E297EF1830019EF26 /* AppDelegate.swift in Sources */,
				17C01D72297EF1830019EF26 /* Experience.rcproject in Sources */,
			);
			runOnlyForDeploymentPostprocessing = 0;
		};
		17C01D78297EF1840019EF26 /* Sources */ = {
			isa = PBXSourcesBuildPhase;
			buildActionMask = 2147483647;
			files = (
				17C01D81297EF1840019EF26 /* AR_PlaygroundTests.swift in Sources */,
			);
			runOnlyForDeploymentPostprocessing = 0;
		};
		17C01D82297EF1840019EF26 /* Sources */ = {
			isa = PBXSourcesBuildPhase;
			buildActionMask = 2147483647;
			files = (
				17C01D8D297EF1840019EF26 /* AR_PlaygroundUITestsLaunchTests.swift in Sources */,
				17C01D8B297EF1840019EF26 /* AR_PlaygroundUITests.swift in Sources */,
			);
			runOnlyForDeploymentPostprocessing = 0;
		};
/* End PBXSourcesBuildPhase section */

/* Begin PBXTargetDependency section */
		17C01D7E297EF1840019EF26 /* PBXTargetDependency */ = {
			isa = PBXTargetDependency;
			target = 17C01D69297EF1830019EF26 /* AR_Playground */;
			targetProxy = 17C01D7D297EF1840019EF26 /* PBXContainerItemProxy */;
		};
		17C01D88297EF1840019EF26 /* PBXTargetDependency */ = {
			isa = PBXTargetDependency;
			target = 17C01D69297EF1830019EF26 /* AR_Playground */;
			targetProxy = 17C01D87297EF1840019EF26 /* PBXContainerItemProxy */;
		};
/* End PBXTargetDependency section */

/* Begin XCBuildConfiguration section */
		17C01D8E297EF1840019EF26 /* Debug */ = {
			isa = XCBuildConfiguration;
			buildSettings = {
				ALWAYS_SEARCH_USER_PATHS = NO;
				CLANG_ANALYZER_NONNULL = YES;
				CLANG_ANALYZER_NUMBER_OBJECT_CONVERSION = YES_AGGRESSIVE;
				CLANG_CXX_LANGUAGE_STANDARD = "gnu++20";
				CLANG_ENABLE_MODULES = YES;
				CLANG_ENABLE_OBJC_ARC = YES;
				CLANG_ENABLE_OBJC_WEAK = YES;
				CLANG_WARN_BLOCK_CAPTURE_AUTORELEASING = YES;
				CLANG_WARN_BOOL_CONVERSION = YES;
				CLANG_WARN_COMMA = YES;
				CLANG_WARN_CONSTANT_CONVERSION = YES;
				CLANG_WARN_DEPRECATED_OBJC_IMPLEMENTATIONS = YES;
				CLANG_WARN_DIRECT_OBJC_ISA_USAGE = YES_ERROR;
				CLANG_WARN_DOCUMENTATION_COMMENTS = YES;
				CLANG_WARN_EMPTY_BODY = YES;
				CLANG_WARN_ENUM_CONVERSION = YES;
				CLANG_WARN_INFINITE_RECURSION = YES;
				CLANG_WARN_INT_CONVERSION = YES;
				CLANG_WARN_NON_LITERAL_NULL_CONVERSION = YES;
				CLANG_WARN_OBJC_IMPLICIT_RETAIN_SELF = YES;
				CLANG_WARN_OBJC_LITERAL_CONVERSION = YES;
				CLANG_WARN_OBJC_ROOT_CLASS = YES_ERROR;
				CLANG_WARN_QUOTED_INCLUDE_IN_FRAMEWORK_HEADER = YES;
				CLANG_WARN_RANGE_LOOP_ANALYSIS = YES;
				CLANG_WARN_STRICT_PROTOTYPES = YES;
				CLANG_WARN_SUSPICIOUS_MOVE = YES;
				CLANG_WARN_UNGUARDED_AVAILABILITY = YES_AGGRESSIVE;
				CLANG_WARN_UNREACHABLE_CODE = YES;
				CLANG_WARN__DUPLICATE_METHOD_MATCH = YES;
				COPY_PHASE_STRIP = NO;
				DEBUG_INFORMATION_FORMAT = dwarf;
				ENABLE_STRICT_OBJC_MSGSEND = YES;
				ENABLE_TESTABILITY = YES;
				GCC_C_LANGUAGE_STANDARD = gnu11;
				GCC_DYNAMIC_NO_PIC = NO;
				GCC_NO_COMMON_BLOCKS = YES;
				GCC_OPTIMIZATION_LEVEL = 0;
				GCC_PREPROCESSOR_DEFINITIONS = (
					"DEBUG=1",
					"$(inherited)",
				);
				GCC_WARN_64_TO_32_BIT_CONVERSION = YES;
				GCC_WARN_ABOUT_RETURN_TYPE = YES_ERROR;
				GCC_WARN_UNDECLARED_SELECTOR = YES;
				GCC_WARN_UNINITIALIZED_AUTOS = YES_AGGRESSIVE;
				GCC_WARN_UNUSED_FUNCTION = YES;
				GCC_WARN_UNUSED_VARIABLE = YES;
				IPHONEOS_DEPLOYMENT_TARGET = 16.2;
				MTL_ENABLE_DEBUG_INFO = INCLUDE_SOURCE;
				MTL_FAST_MATH = YES;
				ONLY_ACTIVE_ARCH = YES;
				SDKROOT = iphoneos;
				SWIFT_ACTIVE_COMPILATION_CONDITIONS = DEBUG;
				SWIFT_OPTIMIZATION_LEVEL = "-Onone";
			};
			name = Debug;
		};
		17C01D8F297EF1840019EF26 /* Release */ = {
			isa = XCBuildConfiguration;
			buildSettings = {
				ALWAYS_SEARCH_USER_PATHS = NO;
				CLANG_ANALYZER_NONNULL = YES;
				CLANG_ANALYZER_NUMBER_OBJECT_CONVERSION = YES_AGGRESSIVE;
				CLANG_CXX_LANGUAGE_STANDARD = "gnu++20";
				CLANG_ENABLE_MODULES = YES;
				CLANG_ENABLE_OBJC_ARC = YES;
				CLANG_ENABLE_OBJC_WEAK = YES;
				CLANG_WARN_BLOCK_CAPTURE_AUTORELEASING = YES;
				CLANG_WARN_BOOL_CONVERSION = YES;
				CLANG_WARN_COMMA = YES;
				CLANG_WARN_CONSTANT_CONVERSION = YES;
				CLANG_WARN_DEPRECATED_OBJC_IMPLEMENTATIONS = YES;
				CLANG_WARN_DIRECT_OBJC_ISA_USAGE = YES_ERROR;
				CLANG_WARN_DOCUMENTATION_COMMENTS = YES;
				CLANG_WARN_EMPTY_BODY = YES;
				CLANG_WARN_ENUM_CONVERSION = YES;
				CLANG_WARN_INFINITE_RECURSION = YES;
				CLANG_WARN_INT_CONVERSION = YES;
				CLANG_WARN_NON_LITERAL_NULL_CONVERSION = YES;
				CLANG_WARN_OBJC_IMPLICIT_RETAIN_SELF = YES;
				CLANG_WARN_OBJC_LITERAL_CONVERSION = YES;
				CLANG_WARN_OBJC_ROOT_CLASS = YES_ERROR;
				CLANG_WARN_QUOTED_INCLUDE_IN_FRAMEWORK_HEADER = YES;
				CLANG_WARN_RANGE_LOOP_ANALYSIS = YES;
				CLANG_WARN_STRICT_PROTOTYPES = YES;
				CLANG_WARN_SUSPICIOUS_MOVE = YES;
				CLANG_WARN_UNGUARDED_AVAILABILITY = YES_AGGRESSIVE;
				CLANG_WARN_UNREACHABLE_CODE = YES;
				CLANG_WARN__DUPLICATE_METHOD_MATCH = YES;
				COPY_PHASE_STRIP = NO;
				DEBUG_INFORMATION_FORMAT = "dwarf-with-dsym";
				ENABLE_NS_ASSERTIONS = NO;
				ENABLE_STRICT_OBJC_MSGSEND = YES;
				GCC_C_LANGUAGE_STANDARD = gnu11;
				GCC_NO_COMMON_BLOCKS = YES;
				GCC_WARN_64_TO_32_BIT_CONVERSION = YES;
				GCC_WARN_ABOUT_RETURN_TYPE = YES_ERROR;
				GCC_WARN_UNDECLARED_SELECTOR = YES;
				GCC_WARN_UNINITIALIZED_AUTOS = YES_AGGRESSIVE;
				GCC_WARN_UNUSED_FUNCTION = YES;
				GCC_WARN_UNUSED_VARIABLE = YES;
				IPHONEOS_DEPLOYMENT_TARGET = 16.2;
				MTL_ENABLE_DEBUG_INFO = NO;
				MTL_FAST_MATH = YES;
				SDKROOT = iphoneos;
				SWIFT_COMPILATION_MODE = wholemodule;
				SWIFT_OPTIMIZATION_LEVEL = "-O";
				VALIDATE_PRODUCT = YES;
			};
			name = Release;
		};
		17C01D91297EF1840019EF26 /* Debug */ = {
			isa = XCBuildConfiguration;
			buildSettings = {
				ASSETCATALOG_COMPILER_APPICON_NAME = AppIcon;
				ASSETCATALOG_COMPILER_GLOBAL_ACCENT_COLOR_NAME = AccentColor;
				CODE_SIGN_STYLE = Automatic;
				CURRENT_PROJECT_VERSION = 1;
				DEVELOPMENT_ASSET_PATHS = "\"AR_Playground/Preview Content\"";
				ENABLE_PREVIEWS = YES;
				GENERATE_INFOPLIST_FILE = YES;
				INFOPLIST_KEY_NSCameraUsageDescription = "";
				INFOPLIST_KEY_UIApplicationSupportsIndirectInputEvents = YES;
				INFOPLIST_KEY_UILaunchScreen_Generation = YES;
				INFOPLIST_KEY_UIRequiredDeviceCapabilities = arkit;
				INFOPLIST_KEY_UIStatusBarHidden = YES;
				INFOPLIST_KEY_UISupportedInterfaceOrientations_iPad = "UIInterfaceOrientationPortrait UIInterfaceOrientationPortraitUpsideDown UIInterfaceOrientationLandscapeLeft UIInterfaceOrientationLandscapeRight";
				INFOPLIST_KEY_UISupportedInterfaceOrientations_iPhone = "UIInterfaceOrientationPortrait UIInterfaceOrientationLandscapeLeft UIInterfaceOrientationLandscapeRight";
				LD_RUNPATH_SEARCH_PATHS = (
					"$(inherited)",
					"@executable_path/Frameworks",
				);
				MARKETING_VERSION = 1.0;
				PRODUCT_BUNDLE_IDENTIFIER = "floiranschut.AR-Playground";
				PRODUCT_NAME = "$(TARGET_NAME)";
				SWIFT_EMIT_LOC_STRINGS = YES;
				SWIFT_VERSION = 5.0;
				TARGETED_DEVICE_FAMILY = "1,2";
			};
			name = Debug;
		};
		17C01D92297EF1840019EF26 /* Release */ = {
			isa = XCBuildConfiguration;
			buildSettings = {
				ASSETCATALOG_COMPILER_APPICON_NAME = AppIcon;
				ASSETCATALOG_COMPILER_GLOBAL_ACCENT_COLOR_NAME = AccentColor;
				CODE_SIGN_STYLE = Automatic;
				CURRENT_PROJECT_VERSION = 1;
				DEVELOPMENT_ASSET_PATHS = "\"AR_Playground/Preview Content\"";
				ENABLE_PREVIEWS = YES;
				GENERATE_INFOPLIST_FILE = YES;
				INFOPLIST_KEY_NSCameraUsageDescription = "";
				INFOPLIST_KEY_UIApplicationSupportsIndirectInputEvents = YES;
				INFOPLIST_KEY_UILaunchScreen_Generation = YES;
				INFOPLIST_KEY_UIRequiredDeviceCapabilities = arkit;
				INFOPLIST_KEY_UIStatusBarHidden = YES;
				INFOPLIST_KEY_UISupportedInterfaceOrientations_iPad = "UIInterfaceOrientationPortrait UIInterfaceOrientationPortraitUpsideDown UIInterfaceOrientationLandscapeLeft UIInterfaceOrientationLandscapeRight";
				INFOPLIST_KEY_UISupportedInterfaceOrientations_iPhone = "UIInterfaceOrientationPortrait UIInterfaceOrientationLandscapeLeft UIInterfaceOrientationLandscapeRight";
				LD_RUNPATH_SEARCH_PATHS = (
					"$(inherited)",
					"@executable_path/Frameworks",
				);
				MARKETING_VERSION = 1.0;
				PRODUCT_BUNDLE_IDENTIFIER = "floiranschut.AR-Playground";
				PRODUCT_NAME = "$(TARGET_NAME)";
				SWIFT_EMIT_LOC_STRINGS = YES;
				SWIFT_VERSION = 5.0;
				TARGETED_DEVICE_FAMILY = "1,2";
			};
			name = Release;
		};
		17C01D94297EF1840019EF26 /* Debug */ = {
			isa = XCBuildConfiguration;
			buildSettings = {
				ALWAYS_EMBED_SWIFT_STANDARD_LIBRARIES = YES;
				BUNDLE_LOADER = "$(TEST_HOST)";
				CODE_SIGN_STYLE = Automatic;
				CURRENT_PROJECT_VERSION = 1;
				GENERATE_INFOPLIST_FILE = YES;
				IPHONEOS_DEPLOYMENT_TARGET = 16.2;
				MARKETING_VERSION = 1.0;
				PRODUCT_BUNDLE_IDENTIFIER = "floiranschut.AR-PlaygroundTests";
				PRODUCT_NAME = "$(TARGET_NAME)";
				SWIFT_EMIT_LOC_STRINGS = NO;
				SWIFT_VERSION = 5.0;
				TARGETED_DEVICE_FAMILY = "1,2";
				TEST_HOST = "$(BUILT_PRODUCTS_DIR)/AR_Playground.app/$(BUNDLE_EXECUTABLE_FOLDER_PATH)/AR_Playground";
			};
			name = Debug;
		};
		17C01D95297EF1840019EF26 /* Release */ = {
			isa = XCBuildConfiguration;
			buildSettings = {
				ALWAYS_EMBED_SWIFT_STANDARD_LIBRARIES = YES;
				BUNDLE_LOADER = "$(TEST_HOST)";
				CODE_SIGN_STYLE = Automatic;
				CURRENT_PROJECT_VERSION = 1;
				GENERATE_INFOPLIST_FILE = YES;
				IPHONEOS_DEPLOYMENT_TARGET = 16.2;
				MARKETING_VERSION = 1.0;
				PRODUCT_BUNDLE_IDENTIFIER = "floiranschut.AR-PlaygroundTests";
				PRODUCT_NAME = "$(TARGET_NAME)";
				SWIFT_EMIT_LOC_STRINGS = NO;
				SWIFT_VERSION = 5.0;
				TARGETED_DEVICE_FAMILY = "1,2";
				TEST_HOST = "$(BUILT_PRODUCTS_DIR)/AR_Playground.app/$(BUNDLE_EXECUTABLE_FOLDER_PATH)/AR_Playground";
			};
			name = Release;
		};
		17C01D97297EF1840019EF26 /* Debug */ = {
			isa = XCBuildConfiguration;
			buildSettings = {
				ALWAYS_EMBED_SWIFT_STANDARD_LIBRARIES = YES;
				CODE_SIGN_STYLE = Automatic;
				CURRENT_PROJECT_VERSION = 1;
				GENERATE_INFOPLIST_FILE = YES;
				MARKETING_VERSION = 1.0;
				PRODUCT_BUNDLE_IDENTIFIER = "floiranschut.AR-PlaygroundUITests";
				PRODUCT_NAME = "$(TARGET_NAME)";
				SWIFT_EMIT_LOC_STRINGS = NO;
				SWIFT_VERSION = 5.0;
				TARGETED_DEVICE_FAMILY = "1,2";
				TEST_TARGET_NAME = AR_Playground;
			};
			name = Debug;
		};
		17C01D98297EF1840019EF26 /* Release */ = {
			isa = XCBuildConfiguration;
			buildSettings = {
				ALWAYS_EMBED_SWIFT_STANDARD_LIBRARIES = YES;
				CODE_SIGN_STYLE = Automatic;
				CURRENT_PROJECT_VERSION = 1;
				GENERATE_INFOPLIST_FILE = YES;
				MARKETING_VERSION = 1.0;
				PRODUCT_BUNDLE_IDENTIFIER = "floiranschut.AR-PlaygroundUITests";
				PRODUCT_NAME = "$(TARGET_NAME)";
				SWIFT_EMIT_LOC_STRINGS = NO;
				SWIFT_VERSION = 5.0;
				TARGETED_DEVICE_FAMILY = "1,2";
				TEST_TARGET_NAME = AR_Playground;
			};
			name = Release;
		};
/* End XCBuildConfiguration section */

/* Begin XCConfigurationList section */
		17C01D65297EF1830019EF26 /* Build configuration list for PBXProject "AR_Playground" */ = {
			isa = XCConfigurationList;
			buildConfigurations = (
				17C01D8E297EF1840019EF26 /* Debug */,
				17C01D8F297EF1840019EF26 /* Release */,
			);
			defaultConfigurationIsVisible = 0;
			defaultConfigurationName = Release;
		};
		17C01D90297EF1840019EF26 /* Build configuration list for PBXNativeTarget "AR_Playground" */ = {
			isa = XCConfigurationList;
			buildConfigurations = (
				17C01D91297EF1840019EF26 /* Debug */,
				17C01D92297EF1840019EF26 /* Release */,
			);
			defaultConfigurationIsVisible = 0;
			defaultConfigurationName = Release;
		};
		17C01D93297EF1840019EF26 /* Build configuration list for PBXNativeTarget "AR_PlaygroundTests" */ = {
			isa = XCConfigurationList;
			buildConfigurations = (
				17C01D94297EF1840019EF26 /* Debug */,
				17C01D95297EF1840019EF26 /* Release */,
			);
			defaultConfigurationIsVisible = 0;
			defaultConfigurationName = Release;
		};
		17C01D96297EF1840019EF26 /* Build configuration list for PBXNativeTarget "AR_PlaygroundUITests" */ = {
			isa = XCConfigurationList;
			buildConfigurations = (
				17C01D97297EF1840019EF26 /* Debug */,
				17C01D98297EF1840019EF26 /* Release */,
			);
			defaultConfigurationIsVisible = 0;
			defaultConfigurationName = Release;
		};
/* End XCConfigurationList section */
	};
	rootObject = 17C01D62297EF1830019EF26 /* Project object */;
}
